
Microsoft Visual Studio Solution File, Format Version 12.00
# Visual Studio Version 17
VisualStudioVersion = 17.11.35303.130
MinimumVisualStudioVersion = 10.0.40219.1
Project("{9A19103F-16F7-4668-BE54-9A1E7A4F7556}") = "Lab1", "Lab1\Lab1.csproj", "{7E7C16A0-BA5A-4D7A-BBF8-5DDFE033D692}"
EndProject
Project("{9A19103F-16F7-4668-BE54-9A1E7A4F7556}") = "Lab1.xUnitTests", "Lab1.xUnitTests\Lab1.xUnitTests.csproj", "{9D1B38F4-772F-471D-8C15-8500039E589C}"
EndProject
Global
	GlobalSection(SolutionConfigurationPlatforms) = preSolution
		Debug|Any CPU = Debug|Any CPU
		Release|Any CPU = Release|Any CPU
	EndGlobalSection
	GlobalSection(ProjectConfigurationPlatforms) = postSolution
		{7E7C16A0-BA5A-4D7A-BBF8-5DDFE033D692}.Debug|Any CPU.ActiveCfg = Debug|Any CPU
		{7E7C16A0-BA5A-4D7A-BBF8-5DDFE033D692}.Debug|Any CPU.Build.0 = Debug|Any CPU
		{7E7C16A0-BA5A-4D7A-BBF8-5DDFE033D692}.Release|Any CPU.ActiveCfg = Release|Any CPU
		{7E7C16A0-BA5A-4D7A-BBF8-5DDFE033D692}.Release|Any CPU.Build.0 = Release|Any CPU
		{9D1B38F4-772F-471D-8C15-8500039E589C}.Debug|Any CPU.ActiveCfg = Debug|Any CPU
		{9D1B38F4-772F-471D-8C15-8500039E589C}.Debug|Any CPU.Build.0 = Debug|Any CPU
		{9D1B38F4-772F-471D-8C15-8500039E589C}.Release|Any CPU.ActiveCfg = Release|Any CPU
		{9D1B38F4-772F-471D-8C15-8500039E589C}.Release|Any CPU.Build.0 = Release|Any CPU
	EndGlobalSection
	GlobalSection(SolutionProperties) = preSolution
		HideSolutionNode = FALSE
	EndGlobalSection
	GlobalSection(ExtensibilityGlobals) = postSolution
		SolutionGuid = {28CB0306-10B2-4A0D-87EA-E25CE9737123}
	EndGlobalSection
EndGlobal
