
Microsoft Visual Studio Solution File, Format Version 12.00
# Visual Studio Version 17
VisualStudioVersion = 17.12.35506.116 d17.12
MinimumVisualStudioVersion = 10.0.40219.1
Project("{FAE04EC0-301F-11D3-BF4B-00C04F79EFBC}") = "Lab2", "Lab2\Lab2.csproj", "{10B71C5A-0A5A-45B7-A2B0-A13B309822F4}"
EndProject
Project("{FAE04EC0-301F-11D3-BF4B-00C04F79EFBC}") = "Lab2.xUnitTests", "Lab2.xUnitTests\Lab2.xUnitTests.csproj", "{415CFF84-252A-4C42-8F76-ED28FB148455}"
EndProject
Global
	GlobalSection(SolutionConfigurationPlatforms) = preSolution
		Debug|Any CPU = Debug|Any CPU
		Release|Any CPU = Release|Any CPU
	EndGlobalSection
	GlobalSection(ProjectConfigurationPlatforms) = postSolution
		{10B71C5A-0A5A-45B7-A2B0-A13B309822F4}.Debug|Any CPU.ActiveCfg = Debug|Any CPU
		{10B71C5A-0A5A-45B7-A2B0-A13B309822F4}.Debug|Any CPU.Build.0 = Debug|Any CPU
		{10B71C5A-0A5A-45B7-A2B0-A13B309822F4}.Release|Any CPU.ActiveCfg = Release|Any CPU
		{10B71C5A-0A5A-45B7-A2B0-A13B309822F4}.Release|Any CPU.Build.0 = Release|Any CPU
		{415CFF84-252A-4C42-8F76-ED28FB148455}.Debug|Any CPU.ActiveCfg = Debug|Any CPU
		{415CFF84-252A-4C42-8F76-ED28FB148455}.Debug|Any CPU.Build.0 = Debug|Any CPU
		{415CFF84-252A-4C42-8F76-ED28FB148455}.Release|Any CPU.ActiveCfg = Release|Any CPU
		{415CFF84-252A-4C42-8F76-ED28FB148455}.Release|Any CPU.Build.0 = Release|Any CPU
	EndGlobalSection
	GlobalSection(SolutionProperties) = preSolution
		HideSolutionNode = FALSE
	EndGlobalSection
EndGlobal
