
Microsoft Visual Studio Solution File, Format Version 12.00
# Visual Studio Version 17
VisualStudioVersion = 17.12.35506.116 d17.12
MinimumVisualStudioVersion = 10.0.40219.1
Project("{FAE04EC0-301F-11D3-BF4B-00C04F79EFBC}") = "Lab3", "Lab3\Lab3.csproj", "{0304FECB-DD82-4DA6-B642-F6BC2DFED287}"
EndProject
Project("{FAE04EC0-301F-11D3-BF4B-00C04F79EFBC}") = "Lab3.xUnitTests", "Lab3.xUnitTests\Lab3.xUnitTests.csproj", "{EC2676CA-DA38-43AA-8CCC-051D2484B474}"
EndProject
Global
	GlobalSection(SolutionConfigurationPlatforms) = preSolution
		Debug|Any CPU = Debug|Any CPU
		Release|Any CPU = Release|Any CPU
	EndGlobalSection
	GlobalSection(ProjectConfigurationPlatforms) = postSolution
		{0304FECB-DD82-4DA6-B642-F6BC2DFED287}.Debug|Any CPU.ActiveCfg = Debug|Any CPU
		{0304FECB-DD82-4DA6-B642-F6BC2DFED287}.Debug|Any CPU.Build.0 = Debug|Any CPU
		{0304FECB-DD82-4DA6-B642-F6BC2DFED287}.Release|Any CPU.ActiveCfg = Release|Any CPU
		{0304FECB-DD82-4DA6-B642-F6BC2DFED287}.Release|Any CPU.Build.0 = Release|Any CPU
		{EC2676CA-DA38-43AA-8CCC-051D2484B474}.Debug|Any CPU.ActiveCfg = Debug|Any CPU
		{EC2676CA-DA38-43AA-8CCC-051D2484B474}.Debug|Any CPU.Build.0 = Debug|Any CPU
		{EC2676CA-DA38-43AA-8CCC-051D2484B474}.Release|Any CPU.ActiveCfg = Release|Any CPU
		{EC2676CA-DA38-43AA-8CCC-051D2484B474}.Release|Any CPU.Build.0 = Release|Any CPU
	EndGlobalSection
	GlobalSection(SolutionProperties) = preSolution
		HideSolutionNode = FALSE
	EndGlobalSection
EndGlobal
